{
    "name": "shebang-language-associator",
    "version": "1.0.1",
    "lockfileVersion": 1,
    "requires": true,
    "dependencies": {
        "@types/mocha": {
            "version": "7.0.2",
            "resolved": "https://registry.npmjs.org/@types/mocha/-/mocha-7.0.2.tgz",
            "integrity": "sha512-ZvO2tAcjmMi8V/5Z3JsyofMe3hasRcaw88cto5etSVMwVQfeivGAlEYmaQgceUSVYFofVjT+ioHsATjdWcFt1w==",
            "dev": true
        },
        "@types/node": {
            "version": "14.0.9",
            "resolved": "https://registry.npmjs.org/@types/node/-/node-14.0.9.tgz",
            "integrity": "sha512-0sCTiXKXELOBxvZLN4krQ0FPOAA7ij+6WwvD0k/PHd9/KAkr4dXel5J9fh6F4x1FwAQILqAWkmpeuS6mjf1iKA==",
            "dev": true
        },
        "@types/vscode": {
            "version": "1.45.1",
            "resolved": "https://registry.npmjs.org/@types/vscode/-/vscode-1.45.1.tgz",
            "integrity": "sha512-0NO9qrrEJBO8FsqHCrFMgR2suKnwCsKBWvRSb2OzH5gs4i3QO5AhEMQYrSzDbU/wLPt7N617/rN9lPY213gmwg==",
            "dev": true
        },
        "typescript": {
            "version": "3.9.3",
            "resolved": "https://registry.npmjs.org/typescript/-/typescript-3.9.3.tgz",
            "integrity": "sha512-D/wqnB2xzNFIcoBG9FG8cXRDjiqSTbG2wd8DMZeQyJlP1vfTkIxH4GKveWaEBYySKIg+USu+E+EDIR47SqnaMQ==",
            "dev": true
        }
    }
}
